
Microsoft Visual Studio Solution File, Format Version 12.00
# Visual Studio Version 16
VisualStudioVersion = 16.0.31911.196
MinimumVisualStudioVersion = 10.0.40219.1
Project("{FAE04EC0-301F-11D3-BF4B-00C04F79EFBC}") = "SIS-VPN Client Application", "SIS-VPN Client Application.csproj", "{51724CB6-68EC-4BC8-883C-2F7CBD242418}"
EndProject
Global
	GlobalSection(SolutionConfigurationPlatforms) = preSolution
		Debug|Any CPU = Debug|Any CPU
		Release|Any CPU = Release|Any CPU
	EndGlobalSection
	GlobalSection(ProjectConfigurationPlatforms) = postSolution
		{51724CB6-68EC-4BC8-883C-2F7CBD242418}.Debug|Any CPU.ActiveCfg = Debug|Any CPU
		{51724CB6-68EC-4BC8-883C-2F7CBD242418}.Debug|Any CPU.Build.0 = Debug|Any CPU
		{51724CB6-68EC-4BC8-883C-2F7CBD242418}.Release|Any CPU.ActiveCfg = Release|Any CPU
		{51724CB6-68EC-4BC8-883C-2F7CBD242418}.Release|Any CPU.Build.0 = Release|Any CPU
	EndGlobalSection
	GlobalSection(SolutionProperties) = preSolution
		HideSolutionNode = FALSE
	EndGlobalSection
	GlobalSection(ExtensibilityGlobals) = postSolution
		SolutionGuid = {61E9D03F-D43E-492A-B4DF-363BE5350657}
	EndGlobalSection
EndGlobal
